
Microsoft Visual Studio Solution File, Format Version 12.00
# Visual Studio Version 16
VisualStudioVersion = 16.0.30907.101
MinimumVisualStudioVersion = 10.0.40219.1
Project("{FAE04EC0-301F-11D3-BF4B-00C04F79EFBC}") = "DES Algoritmas", "DES Algoritmas\DES Algoritmas.csproj", "{B935AB68-CCD0-46AE-B9F6-B9CAE4BBB1C3}"
EndProject
Global
	GlobalSection(SolutionConfigurationPlatforms) = preSolution
		Debug|Any CPU = Debug|Any CPU
		Release|Any CPU = Release|Any CPU
	EndGlobalSection
	GlobalSection(ProjectConfigurationPlatforms) = postSolution
		{B935AB68-CCD0-46AE-B9F6-B9CAE4BBB1C3}.Debug|Any CPU.ActiveCfg = Debug|Any CPU
		{B935AB68-CCD0-46AE-B9F6-B9CAE4BBB1C3}.Debug|Any CPU.Build.0 = Debug|Any CPU
		{B935AB68-CCD0-46AE-B9F6-B9CAE4BBB1C3}.Release|Any CPU.ActiveCfg = Release|Any CPU
		{B935AB68-CCD0-46AE-B9F6-B9CAE4BBB1C3}.Release|Any CPU.Build.0 = Release|Any CPU
	EndGlobalSection
	GlobalSection(SolutionProperties) = preSolution
		HideSolutionNode = FALSE
	EndGlobalSection
	GlobalSection(ExtensibilityGlobals) = postSolution
		SolutionGuid = {E63A9ACA-D103-4812-AA80-41144F466BE1}
	EndGlobalSection
EndGlobal
